
Microsoft Visual Studio Solution File, Format Version 12.00
# Visual Studio Version 17
VisualStudioVersion = 17.14.36414.22
MinimumVisualStudioVersion = 10.0.40219.1
Project("{FAE04EC0-301F-11D3-BF4B-00C04F79EFBC}") = "CooperativeProcurement.Core", "CooperativeProcurement.Core\CooperativeProcurement.Core.csproj", "{FABEA0DF-2C02-44FF-928C-38A8699CFFAA}"
EndProject
Project("{FAE04EC0-301F-11D3-BF4B-00C04F79EFBC}") = "CooperativeProcurement.Infrastructure", "CooperativeProcurement.Infrastructure\CooperativeProcurement.Infrastructure.csproj", "{844502A3-F943-4E96-824E-A3CE4DBF4181}"
EndProject
Project("{FAE04EC0-301F-11D3-BF4B-00C04F79EFBC}") = "CooperativeProcurement.WebAPI", "CooperativeProcurement.WebAPI\CooperativeProcurement.WebAPI.csproj", "{4561EBC7-CE5E-4452-B852-A6912454649D}"
EndProject
Project("{FAE04EC0-301F-11D3-BF4B-00C04F79EFBC}") = "CooperativeProcurement.Analyzers", "CooperativeProcurement.Analyzers\CooperativeProcurement.Analyzers.csproj", "{68E2B3EB-1583-4B98-A507-48F006EF19BF}"
EndProject
Project("{2150E333-8FDC-42A3-9474-1A3956D46DE8}") = "Элементы решения", "Элементы решения", "{754FC069-D67B-A9D7-50A1-8D1CA196D8F1}"
	ProjectSection(SolutionItems) = preProject
		.editorconfig = .editorconfig
	EndProjectSection
EndProject
Global
	GlobalSection(SolutionConfigurationPlatforms) = preSolution
		Debug|Any CPU = Debug|Any CPU
		Release|Any CPU = Release|Any CPU
	EndGlobalSection
	GlobalSection(ProjectConfigurationPlatforms) = postSolution
		{FABEA0DF-2C02-44FF-928C-38A8699CFFAA}.Debug|Any CPU.ActiveCfg = Debug|Any CPU
		{FABEA0DF-2C02-44FF-928C-38A8699CFFAA}.Debug|Any CPU.Build.0 = Debug|Any CPU
		{FABEA0DF-2C02-44FF-928C-38A8699CFFAA}.Release|Any CPU.ActiveCfg = Release|Any CPU
		{FABEA0DF-2C02-44FF-928C-38A8699CFFAA}.Release|Any CPU.Build.0 = Release|Any CPU
		{844502A3-F943-4E96-824E-A3CE4DBF4181}.Debug|Any CPU.ActiveCfg = Debug|Any CPU
		{844502A3-F943-4E96-824E-A3CE4DBF4181}.Debug|Any CPU.Build.0 = Debug|Any CPU
		{844502A3-F943-4E96-824E-A3CE4DBF4181}.Release|Any CPU.ActiveCfg = Release|Any CPU
		{844502A3-F943-4E96-824E-A3CE4DBF4181}.Release|Any CPU.Build.0 = Release|Any CPU
		{4561EBC7-CE5E-4452-B852-A6912454649D}.Debug|Any CPU.ActiveCfg = Debug|Any CPU
		{4561EBC7-CE5E-4452-B852-A6912454649D}.Debug|Any CPU.Build.0 = Debug|Any CPU
		{4561EBC7-CE5E-4452-B852-A6912454649D}.Release|Any CPU.ActiveCfg = Release|Any CPU
		{4561EBC7-CE5E-4452-B852-A6912454649D}.Release|Any CPU.Build.0 = Release|Any CPU
		{68E2B3EB-1583-4B98-A507-48F006EF19BF}.Debug|Any CPU.ActiveCfg = Debug|Any CPU
		{68E2B3EB-1583-4B98-A507-48F006EF19BF}.Debug|Any CPU.Build.0 = Debug|Any CPU
		{68E2B3EB-1583-4B98-A507-48F006EF19BF}.Release|Any CPU.ActiveCfg = Release|Any CPU
		{68E2B3EB-1583-4B98-A507-48F006EF19BF}.Release|Any CPU.Build.0 = Release|Any CPU
	EndGlobalSection
	GlobalSection(SolutionProperties) = preSolution
		HideSolutionNode = FALSE
	EndGlobalSection
	GlobalSection(ExtensibilityGlobals) = postSolution
		SolutionGuid = {0D42368E-4794-4C44-9365-AA2A78726C37}
	EndGlobalSection
EndGlobal
